
Microsoft Visual Studio Solution File, Format Version 12.00
# Visual Studio 14
VisualStudioVersion = 14.0.24720.0
MinimumVisualStudioVersion = 10.0.40219.1
Project("{2150E333-8FDC-42A3-9474-1A3956D46DE8}") = "Website", "Website", "{144E780C-3333-4CD7-B84E-9C572933405A}"
EndProject
Project("{2150E333-8FDC-42A3-9474-1A3956D46DE8}") = "DataAccess", "DataAccess", "{36994FDE-0598-43E5-A130-4D1423B75343}"
EndProject
Project("{2150E333-8FDC-42A3-9474-1A3956D46DE8}") = "Business", "Business", "{9A2DD527-E26E-4A81-999F-E0A7CCBE9DB8}"
EndProject
Project("{FAE04EC0-301F-11D3-BF4B-00C04F79EFBC}") = "ThanalSoft.SmartComplex.Entities", "ThanalSoft.SmartComplex.Entities\ThanalSoft.SmartComplex.Entities.csproj", "{3A778BB9-BD3A-4B30-A120-A50F3AA2AC32}"
EndProject
Project("{FAE04EC0-301F-11D3-BF4B-00C04F79EFBC}") = "ThanalSoft.SmartComplex.DataAccess", "ThanalSoft.SmartComplex.DataAccess\ThanalSoft.SmartComplex.DataAccess.csproj", "{57860420-53F1-4029-9E51-F7C2DC0262FB}"
EndProject
Project("{FAE04EC0-301F-11D3-BF4B-00C04F79EFBC}") = "ThanalSoft.SmartComplex.Business", "ThanalSoft.SmartComplex.Business\ThanalSoft.SmartComplex.Business.csproj", "{7F6942D6-5159-48E6-ACCF-FA620E4D33AF}"
EndProject
Project("{2150E333-8FDC-42A3-9474-1A3956D46DE8}") = "Common", "Common", "{B590488C-CAE0-4E2B-B448-8CA347BBB551}"
EndProject
Project("{FAE04EC0-301F-11D3-BF4B-00C04F79EFBC}") = "ThanalSoft.SmartComplex.Common", "ThanalSoft.SmartComplex.Common\ThanalSoft.SmartComplex.Common.csproj", "{E3E79E5C-5E5F-4762-B579-353806555359}"
EndProject
Project("{FAE04EC0-301F-11D3-BF4B-00C04F79EFBC}") = "ThanalSoft.SmartComplex.Api", "ThanalSoft.SmartComplex.Api\ThanalSoft.SmartComplex.Api.csproj", "{AA15AA76-D3E1-4A0A-918A-E18D18BC70BB}"
EndProject
Project("{FAE04EC0-301F-11D3-BF4B-00C04F79EFBC}") = "ThanalSoft.SmartComplex.Web", "ThanalSoft.SmartComplex.Web\ThanalSoft.SmartComplex.Web.csproj", "{C8CA9107-7B2F-4DC4-B77D-D5418B39BC04}"
EndProject
Global
	GlobalSection(SolutionConfigurationPlatforms) = preSolution
		Debug|Any CPU = Debug|Any CPU
		Release|Any CPU = Release|Any CPU
	EndGlobalSection
	GlobalSection(ProjectConfigurationPlatforms) = postSolution
		{3A778BB9-BD3A-4B30-A120-A50F3AA2AC32}.Debug|Any CPU.ActiveCfg = Debug|Any CPU
		{3A778BB9-BD3A-4B30-A120-A50F3AA2AC32}.Debug|Any CPU.Build.0 = Debug|Any CPU
		{3A778BB9-BD3A-4B30-A120-A50F3AA2AC32}.Release|Any CPU.ActiveCfg = Release|Any CPU
		{3A778BB9-BD3A-4B30-A120-A50F3AA2AC32}.Release|Any CPU.Build.0 = Release|Any CPU
		{57860420-53F1-4029-9E51-F7C2DC0262FB}.Debug|Any CPU.ActiveCfg = Debug|Any CPU
		{57860420-53F1-4029-9E51-F7C2DC0262FB}.Debug|Any CPU.Build.0 = Debug|Any CPU
		{57860420-53F1-4029-9E51-F7C2DC0262FB}.Release|Any CPU.ActiveCfg = Release|Any CPU
		{57860420-53F1-4029-9E51-F7C2DC0262FB}.Release|Any CPU.Build.0 = Release|Any CPU
		{7F6942D6-5159-48E6-ACCF-FA620E4D33AF}.Debug|Any CPU.ActiveCfg = Debug|Any CPU
		{7F6942D6-5159-48E6-ACCF-FA620E4D33AF}.Debug|Any CPU.Build.0 = Debug|Any CPU
		{7F6942D6-5159-48E6-ACCF-FA620E4D33AF}.Release|Any CPU.ActiveCfg = Release|Any CPU
		{7F6942D6-5159-48E6-ACCF-FA620E4D33AF}.Release|Any CPU.Build.0 = Release|Any CPU
		{E3E79E5C-5E5F-4762-B579-353806555359}.Debug|Any CPU.ActiveCfg = Debug|Any CPU
		{E3E79E5C-5E5F-4762-B579-353806555359}.Debug|Any CPU.Build.0 = Debug|Any CPU
		{E3E79E5C-5E5F-4762-B579-353806555359}.Release|Any CPU.ActiveCfg = Release|Any CPU
		{E3E79E5C-5E5F-4762-B579-353806555359}.Release|Any CPU.Build.0 = Release|Any CPU
		{AA15AA76-D3E1-4A0A-918A-E18D18BC70BB}.Debug|Any CPU.ActiveCfg = Debug|Any CPU
		{AA15AA76-D3E1-4A0A-918A-E18D18BC70BB}.Debug|Any CPU.Build.0 = Debug|Any CPU
		{AA15AA76-D3E1-4A0A-918A-E18D18BC70BB}.Release|Any CPU.ActiveCfg = Release|Any CPU
		{AA15AA76-D3E1-4A0A-918A-E18D18BC70BB}.Release|Any CPU.Build.0 = Release|Any CPU
		{C8CA9107-7B2F-4DC4-B77D-D5418B39BC04}.Debug|Any CPU.ActiveCfg = Debug|Any CPU
		{C8CA9107-7B2F-4DC4-B77D-D5418B39BC04}.Debug|Any CPU.Build.0 = Debug|Any CPU
		{C8CA9107-7B2F-4DC4-B77D-D5418B39BC04}.Release|Any CPU.ActiveCfg = Release|Any CPU
		{C8CA9107-7B2F-4DC4-B77D-D5418B39BC04}.Release|Any CPU.Build.0 = Release|Any CPU
	EndGlobalSection
	GlobalSection(SolutionProperties) = preSolution
		HideSolutionNode = FALSE
	EndGlobalSection
	GlobalSection(NestedProjects) = preSolution
		{3A778BB9-BD3A-4B30-A120-A50F3AA2AC32} = {36994FDE-0598-43E5-A130-4D1423B75343}
		{57860420-53F1-4029-9E51-F7C2DC0262FB} = {36994FDE-0598-43E5-A130-4D1423B75343}
		{7F6942D6-5159-48E6-ACCF-FA620E4D33AF} = {9A2DD527-E26E-4A81-999F-E0A7CCBE9DB8}
		{E3E79E5C-5E5F-4762-B579-353806555359} = {B590488C-CAE0-4E2B-B448-8CA347BBB551}
		{AA15AA76-D3E1-4A0A-918A-E18D18BC70BB} = {144E780C-3333-4CD7-B84E-9C572933405A}
		{C8CA9107-7B2F-4DC4-B77D-D5418B39BC04} = {144E780C-3333-4CD7-B84E-9C572933405A}
	EndGlobalSection
EndGlobal
